// !$*UTF8*$!
{
	archiveVersion = 1;
	classes = {
	};
	objectVersion = 46;
	objects = {

/* Begin PBXBuildFile section */
		962F35F918D89ABB0011D6C2 /* Foundation.framework in Frameworks */ = {isa = PBXBuildFile; fileRef = 962F35F818D89ABB0011D6C2 /* Foundation.framework */; };
		962F35FB18D89ABB0011D6C2 /* CoreGraphics.framework in Frameworks */ = {isa = PBXBuildFile; fileRef = 962F35FA18D89ABB0011D6C2 /* CoreGraphics.framework */; };
		962F35FD18D89ABB0011D6C2 /* UIKit.framework in Frameworks */ = {isa = PBXBuildFile; fileRef = 962F35FC18D89ABB0011D6C2 /* UIKit.framework */; };
		962F360318D89ABB0011D6C2 /* InfoPlist.strings in Resources */ = {isa = PBXBuildFile; fileRef = 962F360118D89ABB0011D6C2 /* InfoPlist.strings */; };
		962F360518D89ABB0011D6C2 /* main.m in Sources */ = {isa = PBXBuildFile; fileRef = 962F360418D89ABB0011D6C2 /* main.m */; };
		962F360918D89ABB0011D6C2 /* AppDelegate.m in Sources */ = {isa = PBXBuildFile; fileRef = 962F360818D89ABB0011D6C2 /* AppDelegate.m */; };
		962F360C18D89ABB0011D6C2 /* Main.storyboard in Resources */ = {isa = PBXBuildFile; fileRef = 962F360A18D89ABB0011D6C2 /* Main.storyboard */; };
		962F360F18D89ABB0011D6C2 /* ViewController.m in Sources */ = {isa = PBXBuildFile; fileRef = 962F360E18D89ABB0011D6C2 /* ViewController.m */; };
		962F361118D89ABB0011D6C2 /* Images.xcassets in Resources */ = {isa = PBXBuildFile; fileRef = 962F361018D89ABB0011D6C2 /* Images.xcassets */; };
		962F361818D89ABC0011D6C2 /* XCTest.framework in Frameworks */ = {isa = PBXBuildFile; fileRef = 962F361718D89ABC0011D6C2 /* XCTest.framework */; };
		962F361918D89ABC0011D6C2 /* Foundation.framework in Frameworks */ = {isa = PBXBuildFile; fileRef = 962F35F818D89ABB0011D6C2 /* Foundation.framework */; };
		962F361A18D89ABC0011D6C2 /* UIKit.framework in Frameworks */ = {isa = PBXBuildFile; fileRef = 962F35FC18D89ABB0011D6C2 /* UIKit.framework */; };
		962F362218D89ABC0011D6C2 /* InfoPlist.strings in Resources */ = {isa = PBXBuildFile; fileRef = 962F362018D89ABC0011D6C2 /* InfoPlist.strings */; };
		962F362418D89ABC0011D6C2 /* JestureTests.m in Sources */ = {isa = PBXBuildFile; fileRef = 962F362318D89ABC0011D6C2 /* JestureTests.m */; };
/* End PBXBuildFile section */

/* Begin PBXContainerItemProxy section */
		962F361B18D89ABC0011D6C2 /* PBXContainerItemProxy */ = {
			isa = PBXContainerItemProxy;
			containerPortal = 962F35ED18D89ABB0011D6C2 /* Project object */;
			proxyType = 1;
			remoteGlobalIDString = 962F35F418D89ABB0011D6C2;
			remoteInfo = Jesture;
		};
/* End PBXContainerItemProxy section */

/* Begin PBXFileReference section */
		962F35F518D89ABB0011D6C2 /* Jesture.app */ = {isa = PBXFileReference; explicitFileType = wrapper.application; includeInIndex = 0; path = Jesture.app; sourceTree = BUILT_PRODUCTS_DIR; };
		962F35F818D89ABB0011D6C2 /* Foundation.framework */ = {isa = PBXFileReference; lastKnownFileType = wrapper.framework; name = Foundation.framework; path = System/Library/Frameworks/Foundation.framework; sourceTree = SDKROOT; };
		962F35FA18D89ABB0011D6C2 /* CoreGraphics.framework */ = {isa = PBXFileReference; lastKnownFileType = wrapper.framework; name = CoreGraphics.framework; path = System/Library/Frameworks/CoreGraphics.framework; sourceTree = SDKROOT; };
		962F35FC18D89ABB0011D6C2 /* UIKit.framework */ = {isa = PBXFileReference; lastKnownFileType = wrapper.framework; name = UIKit.framework; path = System/Library/Frameworks/UIKit.framework; sourceTree = SDKROOT; };
		962F360018D89ABB0011D6C2 /* Jesture-Info.plist */ = {isa = PBXFileReference; lastKnownFileType = text.plist.xml; path = "Jesture-Info.plist"; sourceTree = "<group>"; };
		962F360218D89ABB0011D6C2 /* en */ = {isa = PBXFileReference; lastKnownFileType = text.plist.strings; name = en; path = en.lproj/InfoPlist.strings; sourceTree = "<group>"; };
		962F360418D89ABB0011D6C2 /* main.m */ = {isa = PBXFileReference; lastKnownFileType = sourcecode.c.objc; path = main.m; sourceTree = "<group>"; };
		962F360618D89ABB0011D6C2 /* Jesture-Prefix.pch */ = {isa = PBXFileReference; lastKnownFileType = sourcecode.c.h; path = "Jesture-Prefix.pch"; sourceTree = "<group>"; };
		962F360718D89ABB0011D6C2 /* AppDelegate.h */ = {isa = PBXFileReference; lastKnownFileType = sourcecode.c.h; path = AppDelegate.h; sourceTree = "<group>"; };
		962F360818D89ABB0011D6C2 /* AppDelegate.m */ = {isa = PBXFileReference; lastKnownFileType = sourcecode.c.objc; path = AppDelegate.m; sourceTree = "<group>"; };
		962F360B18D89ABB0011D6C2 /* Base */ = {isa = PBXFileReference; lastKnownFileType = file.storyboard; name = Base; path = Base.lproj/Main.storyboard; sourceTree = "<group>"; };
		962F360D18D89ABB0011D6C2 /* ViewController.h */ = {isa = PBXFileReference; lastKnownFileType = sourcecode.c.h; path = ViewController.h; sourceTree = "<group>"; };
		962F360E18D89ABB0011D6C2 /* ViewController.m */ = {isa = PBXFileReference; lastKnownFileType = sourcecode.c.objc; path = ViewController.m; sourceTree = "<group>"; };
		962F361018D89ABB0011D6C2 /* Images.xcassets */ = {isa = PBXFileReference; lastKnownFileType = folder.assetcatalog; path = Images.xcassets; sourceTree = "<group>"; };
		962F361618D89ABC0011D6C2 /* JestureTests.xctest */ = {isa = PBXFileReference; explicitFileType = wrapper.cfbundle; includeInIndex = 0; path = JestureTests.xctest; sourceTree = BUILT_PRODUCTS_DIR; };
		962F361718D89ABC0011D6C2 /* XCTest.framework */ = {isa = PBXFileReference; lastKnownFileType = wrapper.framework; name = XCTest.framework; path = Library/Frameworks/XCTest.framework; sourceTree = DEVELOPER_DIR; };
		962F361F18D89ABC0011D6C2 /* JestureTests-Info.plist */ = {isa = PBXFileReference; lastKnownFileType = text.plist.xml; path = "JestureTests-Info.plist"; sourceTree = "<group>"; };
		962F362118D89ABC0011D6C2 /* en */ = {isa = PBXFileReference; lastKnownFileType = text.plist.strings; name = en; path = en.lproj/InfoPlist.strings; sourceTree = "<group>"; };
		962F362318D89ABC0011D6C2 /* JestureTests.m */ = {isa = PBXFileReference; lastKnownFileType = sourcecode.c.objc; path = JestureTests.m; sourceTree = "<group>"; };
/* End PBXFileReference section */

/* Begin PBXFrameworksBuildPhase section */
		962F35F218D89ABB0011D6C2 /* Frameworks */ = {
			isa = PBXFrameworksBuildPhase;
			buildActionMask = 2147483647;
			files = (
				962F35FB18D89ABB0011D6C2 /* CoreGraphics.framework in Frameworks */,
				962F35FD18D89ABB0011D6C2 /* UIKit.framework in Frameworks */,
				962F35F918D89ABB0011D6C2 /* Foundation.framework in Frameworks */,
			);
			runOnlyForDeploymentPostprocessing = 0;
		};
		962F361318D89ABC0011D6C2 /* Frameworks */ = {
			isa = PBXFrameworksBuildPhase;
			buildActionMask = 2147483647;
			files = (
				962F361818D89ABC0011D6C2 /* XCTest.framework in Frameworks */,
				962F361A18D89ABC0011D6C2 /* UIKit.framework in Frameworks */,
				962F361918D89ABC0011D6C2 /* Foundation.framework in Frameworks */,
			);
			runOnlyForDeploymentPostprocessing = 0;
		};
/* End PBXFrameworksBuildPhase section */

/* Begin PBXGroup section */
		962F35EC18D89ABB0011D6C2 = {
			isa = PBXGroup;
			children = (
				962F35FE18D89ABB0011D6C2 /* Jesture */,
				962F361D18D89ABC0011D6C2 /* JestureTests */,
				962F35F718D89ABB0011D6C2 /* Frameworks */,
				962F35F618D89ABB0011D6C2 /* Products */,
			);
			sourceTree = "<group>";
		};
		962F35F618D89ABB0011D6C2 /* Products */ = {
			isa = PBXGroup;
			children = (
				962F35F518D89ABB0011D6C2 /* Jesture.app */,
				962F361618D89ABC0011D6C2 /* JestureTests.xctest */,
			);
			name = Products;
			sourceTree = "<group>";
		};
		962F35F718D89ABB0011D6C2 /* Frameworks */ = {
			isa = PBXGroup;
			children = (
				962F35F818D89ABB0011D6C2 /* Foundation.framework */,
				962F35FA18D89ABB0011D6C2 /* CoreGraphics.framework */,
				962F35FC18D89ABB0011D6C2 /* UIKit.framework */,
				962F361718D89ABC0011D6C2 /* XCTest.framework */,
			);
			name = Frameworks;
			sourceTree = "<group>";
		};
		962F35FE18D89ABB0011D6C2 /* Jesture */ = {
			isa = PBXGroup;
			children = (
				962F360718D89ABB0011D6C2 /* AppDelegate.h */,
				962F360818D89ABB0011D6C2 /* AppDelegate.m */,
				962F360A18D89ABB0011D6C2 /* Main.storyboard */,
				962F360D18D89ABB0011D6C2 /* ViewController.h */,
				962F360E18D89ABB0011D6C2 /* ViewController.m */,
				962F361018D89ABB0011D6C2 /* Images.xcassets */,
				962F35FF18D89ABB0011D6C2 /* Supporting Files */,
			);
			path = Jesture;
			sourceTree = "<group>";
		};
		962F35FF18D89ABB0011D6C2 /* Supporting Files */ = {
			isa = PBXGroup;
			children = (
				962F360018D89ABB0011D6C2 /* Jesture-Info.plist */,
				962F360118D89ABB0011D6C2 /* InfoPlist.strings */,
				962F360418D89ABB0011D6C2 /* main.m */,
				962F360618D89ABB0011D6C2 /* Jesture-Prefix.pch */,
			);
			name = "Supporting Files";
			sourceTree = "<group>";
		};
		962F361D18D89ABC0011D6C2 /* JestureTests */ = {
			isa = PBXGroup;
			children = (
				962F362318D89ABC0011D6C2 /* JestureTests.m */,
				962F361E18D89ABC0011D6C2 /* Supporting Files */,
			);
			path = JestureTests;
			sourceTree = "<group>";
		};
		962F361E18D89ABC0011D6C2 /* Supporting Files */ = {
			isa = PBXGroup;
			children = (
				962F361F18D89ABC0011D6C2 /* JestureTests-Info.plist */,
				962F362018D89ABC0011D6C2 /* InfoPlist.strings */,
			);
			name = "Supporting Files";
			sourceTree = "<group>";
		};
/* End PBXGroup section */

/* Begin PBXNativeTarget section */
		962F35F418D89ABB0011D6C2 /* Jesture */ = {
			isa = PBXNativeTarget;
			buildConfigurationList = 962F362718D89ABC0011D6C2 /* Build configuration list for PBXNativeTarget "Jesture" */;
			buildPhases = (
				962F35F118D89ABB0011D6C2 /* Sources */,
				962F35F218D89ABB0011D6C2 /* Frameworks */,
				962F35F318D89ABB0011D6C2 /* Resources */,
			);
			buildRules = (
			);
			dependencies = (
			);
			name = Jesture;
			productName = Jesture;
			productReference = 962F35F518D89ABB0011D6C2 /* Jesture.app */;
			productType = "com.apple.product-type.application";
		};
		962F361518D89ABC0011D6C2 /* JestureTests */ = {
			isa = PBXNativeTarget;
			buildConfigurationList = 962F362A18D89ABC0011D6C2 /* Build configuration list for PBXNativeTarget "JestureTests" */;
			buildPhases = (
				962F361218D89ABC0011D6C2 /* Sources */,
				962F361318D89ABC0011D6C2 /* Frameworks */,
				962F361418D89ABC0011D6C2 /* Resources */,
			);
			buildRules = (
			);
			dependencies = (
				962F361C18D89ABC0011D6C2 /* PBXTargetDependency */,
			);
			name = JestureTests;
			productName = JestureTests;
			productReference = 962F361618D89ABC0011D6C2 /* JestureTests.xctest */;
			productType = "com.apple.product-type.bundle.unit-test";
		};
/* End PBXNativeTarget section */

/* Begin PBXProject section */
		962F35ED18D89ABB0011D6C2 /* Project object */ = {
			isa = PBXProject;
			attributes = {
				LastUpgradeCheck = 0510;
				ORGANIZATIONNAME = "PopUp Inc.";
				TargetAttributes = {
					962F361518D89ABC0011D6C2 = {
						TestTargetID = 962F35F418D89ABB0011D6C2;
					};
				};
			};
			buildConfigurationList = 962F35F018D89ABB0011D6C2 /* Build configuration list for PBXProject "Jesture" */;
			compatibilityVersion = "Xcode 3.2";
			developmentRegion = English;
			hasScannedForEncodings = 0;
			knownRegions = (
				en,
				Base,
			);
			mainGroup = 962F35EC18D89ABB0011D6C2;
			productRefGroup = 962F35F618D89ABB0011D6C2 /* Products */;
			projectDirPath = "";
			projectRoot = "";
			targets = (
				962F35F418D89ABB0011D6C2 /* Jesture */,
				962F361518D89ABC0011D6C2 /* JestureTests */,
			);
		};
/* End PBXProject section */

/* Begin PBXResourcesBuildPhase section */
		962F35F318D89ABB0011D6C2 /* Resources */ = {
			isa = PBXResourcesBuildPhase;
			buildActionMask = 2147483647;
			files = (
				962F361118D89ABB0011D6C2 /* Images.xcassets in Resources */,
				962F360318D89ABB0011D6C2 /* InfoPlist.strings in Resources */,
				962F360C18D89ABB0011D6C2 /* Main.storyboard in Resources */,
			);
			runOnlyForDeploymentPostprocessing = 0;
		};
		962F361418D89ABC0011D6C2 /* Resources */ = {
			isa = PBXResourcesBuildPhase;
			buildActionMask = 2147483647;
			files = (
				962F362218D89ABC0011D6C2 /* InfoPlist.strings in Resources */,
			);
			runOnlyForDeploymentPostprocessing = 0;
		};
/* End PBXResourcesBuildPhase section */

/* Begin PBXSourcesBuildPhase section */
		962F35F118D89ABB0011D6C2 /* Sources */ = {
			isa = PBXSourcesBuildPhase;
			buildActionMask = 2147483647;
			files = (
				962F360F18D89ABB0011D6C2 /* ViewController.m in Sources */,
				962F360918D89ABB0011D6C2 /* AppDelegate.m in Sources */,
				962F360518D89ABB0011D6C2 /* main.m in Sources */,
			);
			runOnlyForDeploymentPostprocessing = 0;
		};
		962F361218D89ABC0011D6C2 /* Sources */ = {
			isa = PBXSourcesBuildPhase;
			buildActionMask = 2147483647;
			files = (
				962F362418D89ABC0011D6C2 /* JestureTests.m in Sources */,
			);
			runOnlyForDeploymentPostprocessing = 0;
		};
/* End PBXSourcesBuildPhase section */

/* Begin PBXTargetDependency section */
		962F361C18D89ABC0011D6C2 /* PBXTargetDependency */ = {
			isa = PBXTargetDependency;
			target = 962F35F418D89ABB0011D6C2 /* Jesture */;
			targetProxy = 962F361B18D89ABC0011D6C2 /* PBXContainerItemProxy */;
		};
/* End PBXTargetDependency section */

/* Begin PBXVariantGroup section */
		962F360118D89ABB0011D6C2 /* InfoPlist.strings */ = {
			isa = PBXVariantGroup;
			children = (
				962F360218D89ABB0011D6C2 /* en */,
			);
			name = InfoPlist.strings;
			sourceTree = "<group>";
		};
		962F360A18D89ABB0011D6C2 /* Main.storyboard */ = {
			isa = PBXVariantGroup;
			children = (
				962F360B18D89ABB0011D6C2 /* Base */,
			);
			name = Main.storyboard;
			sourceTree = "<group>";
		};
		962F362018D89ABC0011D6C2 /* InfoPlist.strings */ = {
			isa = PBXVariantGroup;
			children = (
				962F362118D89ABC0011D6C2 /* en */,
			);
			name = InfoPlist.strings;
			sourceTree = "<group>";
		};
/* End PBXVariantGroup section */

/* Begin XCBuildConfiguration section */
		962F362518D89ABC0011D6C2 /* Debug */ = {
			isa = XCBuildConfiguration;
			buildSettings = {
				ALWAYS_SEARCH_USER_PATHS = NO;
				CLANG_CXX_LANGUAGE_STANDARD = "gnu++0x";
				CLANG_CXX_LIBRARY = "libc++";
				CLANG_ENABLE_MODULES = YES;
				CLANG_ENABLE_OBJC_ARC = YES;
				CLANG_WARN_BOOL_CONVERSION = YES;
				CLANG_WARN_CONSTANT_CONVERSION = YES;
				CLANG_WARN_DIRECT_OBJC_ISA_USAGE = YES_ERROR;
				CLANG_WARN_EMPTY_BODY = YES;
				CLANG_WARN_ENUM_CONVERSION = YES;
				CLANG_WARN_INT_CONVERSION = YES;
				CLANG_WARN_OBJC_ROOT_CLASS = YES_ERROR;
				CLANG_WARN__DUPLICATE_METHOD_MATCH = YES;
				"CODE_SIGN_IDENTITY[sdk=iphoneos*]" = "iPhone Developer";
				COPY_PHASE_STRIP = NO;
				GCC_C_LANGUAGE_STANDARD = gnu99;
				GCC_DYNAMIC_NO_PIC = NO;
				GCC_OPTIMIZATION_LEVEL = 0;
				GCC_PREPROCESSOR_DEFINITIONS = (
					"DEBUG=1",
					"$(inherited)",
				);
				GCC_SYMBOLS_PRIVATE_EXTERN = NO;
				GCC_WARN_64_TO_32_BIT_CONVERSION = YES;
				GCC_WARN_ABOUT_RETURN_TYPE = YES_ERROR;
				GCC_WARN_UNDECLARED_SELECTOR = YES;
				GCC_WARN_UNINITIALIZED_AUTOS = YES_AGGRESSIVE;
				GCC_WARN_UNUSED_FUNCTION = YES;
				GCC_WARN_UNUSED_VARIABLE = YES;
				IPHONEOS_DEPLOYMENT_TARGET = 7.1;
				ONLY_ACTIVE_ARCH = YES;
				SDKROOT = iphoneos;
			};
			name = Debug;
		};
		962F362618D89ABC0011D6C2 /* Release */ = {
			isa = XCBuildConfiguration;
			buildSettings = {
				ALWAYS_SEARCH_USER_PATHS = NO;
				CLANG_CXX_LANGUAGE_STANDARD = "gnu++0x";
				CLANG_CXX_LIBRARY = "libc++";
				CLANG_ENABLE_MODULES = YES;
				CLANG_ENABLE_OBJC_ARC = YES;
				CLANG_WARN_BOOL_CONVERSION = YES;
				CLANG_WARN_CONSTANT_CONVERSION = YES;
				CLANG_WARN_DIRECT_OBJC_ISA_USAGE = YES_ERROR;
				CLANG_WARN_EMPTY_BODY = YES;
				CLANG_WARN_ENUM_CONVERSION = YES;
				CLANG_WARN_INT_CONVERSION = YES;
				CLANG_WARN_OBJC_ROOT_CLASS = YES_ERROR;
				CLANG_WARN__DUPLICATE_METHOD_MATCH = YES;
				"CODE_SIGN_IDENTITY[sdk=iphoneos*]" = "iPhone Developer";
				COPY_PHASE_STRIP = YES;
				ENABLE_NS_ASSERTIONS = NO;
				GCC_C_LANGUAGE_STANDARD = gnu99;
				GCC_WARN_64_TO_32_BIT_CONVERSION = YES;
				GCC_WARN_ABOUT_RETURN_TYPE = YES_ERROR;
				GCC_WARN_UNDECLARED_SELECTOR = YES;
				GCC_WARN_UNINITIALIZED_AUTOS = YES_AGGRESSIVE;
				GCC_WARN_UNUSED_FUNCTION = YES;
				GCC_WARN_UNUSED_VARIABLE = YES;
				IPHONEOS_DEPLOYMENT_TARGET = 7.1;
				SDKROOT = iphoneos;
				VALIDATE_PRODUCT = YES;
			};
			name = Release;
		};
		962F362818D89ABC0011D6C2 /* Debug */ = {
			isa = XCBuildConfiguration;
			buildSettings = {
				ASSETCATALOG_COMPILER_APPICON_NAME = AppIcon;
				ASSETCATALOG_COMPILER_LAUNCHIMAGE_NAME = LaunchImage;
				GCC_PRECOMPILE_PREFIX_HEADER = YES;
				GCC_PREFIX_HEADER = "Jesture/Jesture-Prefix.pch";
				INFOPLIST_FILE = "Jesture/Jesture-Info.plist";
				PRODUCT_NAME = "$(TARGET_NAME)";
				WRAPPER_EXTENSION = app;
			};
			name = Debug;
		};
		962F362918D89ABC0011D6C2 /* Release */ = {
			isa = XCBuildConfiguration;
			buildSettings = {
				ASSETCATALOG_COMPILER_APPICON_NAME = AppIcon;
				ASSETCATALOG_COMPILER_LAUNCHIMAGE_NAME = LaunchImage;
				GCC_PRECOMPILE_PREFIX_HEADER = YES;
				GCC_PREFIX_HEADER = "Jesture/Jesture-Prefix.pch";
				INFOPLIST_FILE = "Jesture/Jesture-Info.plist";
				PRODUCT_NAME = "$(TARGET_NAME)";
				WRAPPER_EXTENSION = app;
			};
			name = Release;
		};
		962F362B18D89ABC0011D6C2 /* Debug */ = {
			isa = XCBuildConfiguration;
			buildSettings = {
				BUNDLE_LOADER = "$(BUILT_PRODUCTS_DIR)/Jesture.app/Jesture";
				FRAMEWORK_SEARCH_PATHS = (
					"$(SDKROOT)/Developer/Library/Frameworks",
					"$(inherited)",
					"$(DEVELOPER_FRAMEWORKS_DIR)",
				);
				GCC_PRECOMPILE_PREFIX_HEADER = YES;
				GCC_PREFIX_HEADER = "Jesture/Jesture-Prefix.pch";
				GCC_PREPROCESSOR_DEFINITIONS = (
					"DEBUG=1",
					"$(inherited)",
				);
				INFOPLIST_FILE = "JestureTests/JestureTests-Info.plist";
				PRODUCT_NAME = "$(TARGET_NAME)";
				TEST_HOST = "$(BUNDLE_LOADER)";
				WRAPPER_EXTENSION = xctest;
			};
			name = Debug;
		};
		962F362C18D89ABC0011D6C2 /* Release */ = {
			isa = XCBuildConfiguration;
			buildSettings = {
				BUNDLE_LOADER = "$(BUILT_PRODUCTS_DIR)/Jesture.app/Jesture";
				FRAMEWORK_SEARCH_PATHS = (
					"$(SDKROOT)/Developer/Library/Frameworks",
					"$(inherited)",
					"$(DEVELOPER_FRAMEWORKS_DIR)",
				);
				GCC_PRECOMPILE_PREFIX_HEADER = YES;
				GCC_PREFIX_HEADER = "Jesture/Jesture-Prefix.pch";
				INFOPLIST_FILE = "JestureTests/JestureTests-Info.plist";
				PRODUCT_NAME = "$(TARGET_NAME)";
				TEST_HOST = "$(BUNDLE_LOADER)";
				WRAPPER_EXTENSION = xctest;
			};
			name = Release;
		};
/* End XCBuildConfiguration section */

/* Begin XCConfigurationList section */
		962F35F018D89ABB0011D6C2 /* Build configuration list for PBXProject "Jesture" */ = {
			isa = XCConfigurationList;
			buildConfigurations = (
				962F362518D89ABC0011D6C2 /* Debug */,
				962F362618D89ABC0011D6C2 /* Release */,
			);
			defaultConfigurationIsVisible = 0;
			defaultConfigurationName = Release;
		};
		962F362718D89ABC0011D6C2 /* Build configuration list for PBXNativeTarget "Jesture" */ = {
			isa = XCConfigurationList;
			buildConfigurations = (
				962F362818D89ABC0011D6C2 /* Debug */,
				962F362918D89ABC0011D6C2 /* Release */,
			);
			defaultConfigurationIsVisible = 0;
		};
		962F362A18D89ABC0011D6C2 /* Build configuration list for PBXNativeTarget "JestureTests" */ = {
			isa = XCConfigurationList;
			buildConfigurations = (
				962F362B18D89ABC0011D6C2 /* Debug */,
				962F362C18D89ABC0011D6C2 /* Release */,
			);
			defaultConfigurationIsVisible = 0;
		};
/* End XCConfigurationList section */
	};
	rootObject = 962F35ED18D89ABB0011D6C2 /* Project object */;
}
